
Microsoft Visual Studio Solution File, Format Version 12.00
# Visual Studio Version 17
VisualStudioVersion = 17.5.33209.295
MinimumVisualStudioVersion = 10.0.40219.1
Project("{9A19103F-16F7-4668-BE54-9A1E7A4F7556}") = "OryxTest.BlazorWasm", "OryxTest.BlazorWasm\OryxTest.BlazorWasm.csproj", "{430201D7-ACD3-4D10-887C-64258E25638D}"
EndProject
Project("{FAE04EC0-301F-11D3-BF4B-00C04F79EFBC}") = "OryxTest.TestLibrary", "OryxTest.TestLibrary\OryxTest.TestLibrary.csproj", "{B7E19EA1-5E82-48B5-A423-5224E96387C8}"
EndProject
Global
	GlobalSection(SolutionConfigurationPlatforms) = preSolution
		Debug|Any CPU = Debug|Any CPU
		Release|Any CPU = Release|Any CPU
	EndGlobalSection
	GlobalSection(ProjectConfigurationPlatforms) = postSolution
		{430201D7-ACD3-4D10-887C-64258E25638D}.Debug|Any CPU.ActiveCfg = Debug|Any CPU
		{430201D7-ACD3-4D10-887C-64258E25638D}.Debug|Any CPU.Build.0 = Debug|Any CPU
		{430201D7-ACD3-4D10-887C-64258E25638D}.Release|Any CPU.ActiveCfg = Release|Any CPU
		{430201D7-ACD3-4D10-887C-64258E25638D}.Release|Any CPU.Build.0 = Release|Any CPU
		{B7E19EA1-5E82-48B5-A423-5224E96387C8}.Debug|Any CPU.ActiveCfg = Debug|Any CPU
		{B7E19EA1-5E82-48B5-A423-5224E96387C8}.Debug|Any CPU.Build.0 = Debug|Any CPU
		{B7E19EA1-5E82-48B5-A423-5224E96387C8}.Release|Any CPU.ActiveCfg = Release|Any CPU
		{B7E19EA1-5E82-48B5-A423-5224E96387C8}.Release|Any CPU.Build.0 = Release|Any CPU
	EndGlobalSection
	GlobalSection(SolutionProperties) = preSolution
		HideSolutionNode = FALSE
	EndGlobalSection
	GlobalSection(ExtensibilityGlobals) = postSolution
		SolutionGuid = {76D3929C-0533-4294-8DAC-61E1BDDD2964}
	EndGlobalSection
EndGlobal
